
Microsoft Visual Studio Solution File, Format Version 12.00
# Visual Studio 15
Project("{FAE04EC0-301F-11D3-BF4B-00C04F79EFBC}") = "Floor Is Lava", "Assembly-CSharp.csproj", "{FF4F96BF-B993-D7E4-6DDF-D19235A289E6}"
EndProject
Project("{FAE04EC0-301F-11D3-BF4B-00C04F79EFBC}") = "Floor Is Lava", "Assembly-CSharp-Editor.csproj", "{FD8D3F33-1800-B2EA-6669-A47C8B3FAB7E}"
EndProject
Global
	GlobalSection(SolutionConfigurationPlatforms) = preSolution
		Debug|Any CPU = Debug|Any CPU
		Release|Any CPU = Release|Any CPU
	EndGlobalSection
	GlobalSection(ProjectConfigurationPlatforms) = postSolution
		{FF4F96BF-B993-D7E4-6DDF-D19235A289E6}.Debug|Any CPU.ActiveCfg = Debug|Any CPU
		{FF4F96BF-B993-D7E4-6DDF-D19235A289E6}.Debug|Any CPU.Build.0 = Debug|Any CPU
		{FF4F96BF-B993-D7E4-6DDF-D19235A289E6}.Release|Any CPU.ActiveCfg = Release|Any CPU
		{FF4F96BF-B993-D7E4-6DDF-D19235A289E6}.Release|Any CPU.Build.0 = Release|Any CPU
		{FD8D3F33-1800-B2EA-6669-A47C8B3FAB7E}.Debug|Any CPU.ActiveCfg = Debug|Any CPU
		{FD8D3F33-1800-B2EA-6669-A47C8B3FAB7E}.Debug|Any CPU.Build.0 = Debug|Any CPU
		{FD8D3F33-1800-B2EA-6669-A47C8B3FAB7E}.Release|Any CPU.ActiveCfg = Release|Any CPU
		{FD8D3F33-1800-B2EA-6669-A47C8B3FAB7E}.Release|Any CPU.Build.0 = Release|Any CPU
	EndGlobalSection
	GlobalSection(SolutionProperties) = preSolution
		HideSolutionNode = FALSE
	EndGlobalSection
EndGlobal
